{
  "name": "vayu",
  "lockfileVersion": 3,
  "requires": true,
  "packages": {
    "": {
      "dependencies": {
        "@propelauth/javascript": "^2.0.24"
      }
    },
    "node_modules/@propelauth/javascript": {
      "version": "2.0.24",
      "resolved": "https://registry.npmjs.org/@propelauth/javascript/-/javascript-2.0.24.tgz",
      "integrity": "sha512-3SCR8joLjaLCYgIevXrb4K70OKxYUxVx7HC/wundqGw5AIOWCVoXoZM+HC+sxs+HYU+tlEGa7bv4/D7OV5vZJA=="
    }
  }
}
